{
  "name": "asp.net",
  "version": "1.0.0",
  "lockfileVersion": 1,
  "requires": true,
  "dependencies": {
    "@syncfusion/ej2-js-es5": {
      "version": "17.1.32-beta",
      "resolved": "https://registry.npmjs.org/@syncfusion/ej2-js-es5/-/ej2-js-es5-17.1.32-beta.tgz",
      "integrity": "sha512-7CbiT40gP/yoSohRNRsp4ZHB2wZkDdLepC6MhHzgN1DnOGp8tzBqCmTtbhn/AX4a1CQGq25iAJv3RE+djwHjwA==",
      "dev": true
    }
  }
}
